
Microsoft Visual Studio Solution File, Format Version 12.00
# Visual Studio Version 17
VisualStudioVersion = 17.11.35222.181
MinimumVisualStudioVersion = 10.0.40219.1
Project("{FAE04EC0-301F-11D3-BF4B-00C04F79EFBC}") = "MovieReviewPlatform", "MovieReviewPlatform\MovieReviewPlatform.csproj", "{C120DBC4-1C1E-47EF-AE6C-B1D33933B265}"
EndProject
Global
	GlobalSection(SolutionConfigurationPlatforms) = preSolution
		Debug|Any CPU = Debug|Any CPU
		Release|Any CPU = Release|Any CPU
	EndGlobalSection
	GlobalSection(ProjectConfigurationPlatforms) = postSolution
		{C120DBC4-1C1E-47EF-AE6C-B1D33933B265}.Debug|Any CPU.ActiveCfg = Debug|Any CPU
		{C120DBC4-1C1E-47EF-AE6C-B1D33933B265}.Debug|Any CPU.Build.0 = Debug|Any CPU
		{C120DBC4-1C1E-47EF-AE6C-B1D33933B265}.Release|Any CPU.ActiveCfg = Release|Any CPU
		{C120DBC4-1C1E-47EF-AE6C-B1D33933B265}.Release|Any CPU.Build.0 = Release|Any CPU
	EndGlobalSection
	GlobalSection(SolutionProperties) = preSolution
		HideSolutionNode = FALSE
	EndGlobalSection
	GlobalSection(ExtensibilityGlobals) = postSolution
		SolutionGuid = {45386687-89B9-4C05-9DF8-448FF59E83E6}
	EndGlobalSection
EndGlobal
